<?xml version="1.0" encoding="utf-8"?>
<Project ToolsVersion="4.0" xmlns="http://schemas.microsoft.com/developer/msbuild/2003">
  <ItemGroup>
    <Filter Include="Source Files">
      <UniqueIdentifier>{4FC737F1-C7A5-4376-A066-2A32D752A2FF}</UniqueIdentifier>
      <Extensions>cpp;c;cc;cxx;c++;cppm;ixx;def;odl;idl;hpj;bat;asm;asmx</Extensions>
    </Filter>
    <Filter Include="Header Files">
      <UniqueIdentifier>{93995380-89BD-4b04-88EB-625FBE52EBFB}</UniqueIdentifier>
      <Extensions>h;hh;hpp;hxx;h++;hm;inl;inc;ipp;xsd</Extensions>
    </Filter>
    <Filter Include="Resource Files">
      <UniqueIdentifier>{67DA6AB6-F800-4c08-8B7A-83BB121AAD01}</UniqueIdentifier>
      <Extensions>rc;ico;cur;bmp;dlg;rc2;rct;bin;rgs;gif;jpg;jpeg;jpe;resx;tiff;tif;png;wav;mfcribbon-ms</Extensions>
    </Filter>
    <Filter Include="Source Files\rooms">
      <UniqueIdentifier>{36398cbf-b9ae-455f-9514-2c3cecdee52c}</UniqueIdentifier>
    </Filter>
    <Filter Include="Source Files\Items">
      <UniqueIdentifier>{7637351a-be39-4f73-871b-936367c8d3e3}</UniqueIdentifier>
    </Filter>
    <Filter Include="Source Files\Furnitures">
      <UniqueIdentifier>{4fcf0ed6-c6a6-4144-91eb-cc9674567fec}</UniqueIdentifier>
    </Filter>
    <Filter Include="Source Files\NewFilter1">
      <UniqueIdentifier>{10571641-3cb0-4c49-8b03-91df633443aa}</UniqueIdentifier>
    </Filter>
  </ItemGroup>
  <ItemGroup>
    <ClCompile Include="gameprogarmassignemtn2.cpp">
      <Filter>Source Files</Filter>
    </ClCompile>
    <ClCompile Include="Entity.cpp">
      <Filter>Source Files</Filter>
    </ClCompile>
    <ClCompile Include="Room.cpp">
      <Filter>Source Files</Filter>
    </ClCompile>
    <ClCompile Include="Furniture.cpp">
      <Filter>Source Files</Filter>
    </ClCompile>
    <ClCompile Include="Item.cpp">
      <Filter>Source Files</Filter>
    </ClCompile>
    <ClCompile Include="Player.cpp">
      <Filter>Source Files</Filter>
    </ClCompile>
    <ClCompile Include="Elevator.cpp">
      <Filter>Source Files\rooms</Filter>
    </ClCompile>
    <ClCompile Include="Lobby.cpp">
      <Filter>Source Files\rooms</Filter>
    </ClCompile>
    <ClCompile Include="FilingCabinet.cpp">
      <Filter>Source Files\Furnitures</Filter>
    </ClCompile>
    <ClCompile Include="ButtonPanel.cpp">
      <Filter>Source Files\Furnitures</Filter>
    </ClCompile>
    <ClCompile Include="StickyNote.cpp">
      <Filter>Source Files\Items</Filter>
    </ClCompile>
    <ClCompile Include="MasterKey.cpp">
      <Filter>Source Files\Items</Filter>
    </ClCompile>
    <ClCompile Include="Door.cpp">
      <Filter>Source Files\Furnitures</Filter>
    </ClCompile>
    <ClCompile Include="DynamicStack.cpp">
      <Filter>Source Files</Filter>
    </ClCompile>
    <ClCompile Include="DynamicQueue.cpp">
      <Filter>Source Files</Filter>
    </ClCompile>
    <ClCompile Include="SomeCommands.cpp">
      <Filter>Source Files</Filter>
    </ClCompile>
    <ClCompile Include="GuestingRoom.cpp">
      <Filter>Source Files\rooms</Filter>
    </ClCompile>
    <ClCompile Include="HallWay.cpp">
      <Filter>Source Files\rooms</Filter>
    </ClCompile>
    <ClCompile Include="SomeDialogue.cpp">
      <Filter>Source Files</Filter>
    </ClCompile>
    <ClCompile Include="Closet.cpp">
      <Filter>Source Files\rooms</Filter>
    </ClCompile>
    <ClCompile Include="Safe.cpp">
      <Filter>Source Files\Furnitures</Filter>
    </ClCompile>
    <ClCompile Include="Dresser.cpp">
      <Filter>Source Files</Filter>
    </ClCompile>
    <ClCompile Include="Bathroom.cpp">
      <Filter>Source Files</Filter>
    </ClCompile>
    <ClCompile Include="PottedPlant.cpp">
      <Filter>Source Files</Filter>
    </ClCompile>
    <ClCompile Include="Computer.cpp">
      <Filter>Source Files</Filter>
    </ClCompile>
    <ClCompile Include="AirDuctCover.cpp">
      <Filter>Source Files</Filter>
    </ClCompile>
    <ClCompile Include="Bathrobes.cpp">
      <Filter>Source Files</Filter>
    </ClCompile>
    <ClCompile Include="IronBoard.cpp">
      <Filter>Source Files</Filter>
    </ClCompile>
  </ItemGroup>
  <ItemGroup>
    <ClInclude Include="Entity.h">
      <Filter>Header Files</Filter>
    </ClInclude>
    <ClInclude Include="Room.h">
      <Filter>Header Files</Filter>
    </ClInclude>
    <ClInclude Include="Furniture.h">
      <Filter>Header Files</Filter>
    </ClInclude>
    <ClInclude Include="Item.h">
      <Filter>Header Files</Filter>
    </ClInclude>
    <ClInclude Include="Player.h">
      <Filter>Header Files</Filter>
    </ClInclude>
    <ClInclude Include="Elevator.h">
      <Filter>Header Files</Filter>
    </ClInclude>
    <ClInclude Include="StickyNote.h">
      <Filter>Header Files</Filter>
    </ClInclude>
    <ClInclude Include="MasterKey.h">
      <Filter>Header Files</Filter>
    </ClInclude>
    <ClInclude Include="Lobby.h">
      <Filter>Source Files\rooms</Filter>
    </ClInclude>
    <ClInclude Include="ButtonPanel.h">
      <Filter>Source Files\Furnitures</Filter>
    </ClInclude>
    <ClInclude Include="Door.h">
      <Filter>Source Files\Furnitures</Filter>
    </ClInclude>
    <ClInclude Include="FilingCabinet.h">
      <Filter>Source Files\Furnitures</Filter>
    </ClInclude>
    <ClInclude Include="DynamicStack.h">
      <Filter>Header Files</Filter>
    </ClInclude>
    <ClInclude Include="DynamicQueue.h">
      <Filter>Header Files</Filter>
    </ClInclude>
    <ClInclude Include="SomeCommands.h">
      <Filter>Header Files</Filter>
    </ClInclude>
    <ClInclude Include="GuestingRoom.h">
      <Filter>Header Files</Filter>
    </ClInclude>
    <ClInclude Include="HallWay.h">
      <Filter>Header Files</Filter>
    </ClInclude>
    <ClInclude Include="Closet.h">
      <Filter>Header Files</Filter>
    </ClInclude>
    <ClInclude Include="SomeDialogue.h">
      <Filter>Header Files</Filter>
    </ClInclude>
    <ClInclude Include="Safe.h">
      <Filter>Header Files</Filter>
    </ClInclude>
    <ClInclude Include="Dresser.h">
      <Filter>Header Files</Filter>
    </ClInclude>
    <ClInclude Include="Bathroom.h">
      <Filter>Header Files</Filter>
    </ClInclude>
    <ClInclude Include="PottedPlant.h">
      <Filter>Header Files</Filter>
    </ClInclude>
    <ClInclude Include="Computer.h">
      <Filter>Header Files</Filter>
    </ClInclude>
    <ClInclude Include="AirDuctCover.h">
      <Filter>Header Files</Filter>
    </ClInclude>
    <ClInclude Include="Bathrobes.h">
      <Filter>Header Files</Filter>
    </ClInclude>
    <ClInclude Include="IronBoard.h">
      <Filter>Header Files</Filter>
    </ClInclude>
  </ItemGroup>
</Project>